
Microsoft Visual Studio Solution File, Format Version 12.00
# Visual Studio Version 16
VisualStudioVersion = 16.0.30524.135
MinimumVisualStudioVersion = 10.0.40219.1
Project("{9A19103F-16F7-4668-BE54-9A1E7A4F7556}") = "Pact.Cache", "src\Pact.Cache\Pact.Cache.csproj", "{0D6C5D86-0DF3-4BD7-9280-DC2B2517734E}"
EndProject
Project("{9A19103F-16F7-4668-BE54-9A1E7A4F7556}") = "Pact.Core", "src\Pact.Core\Pact.Core.csproj", "{CB09B04F-C242-4FB5-9FC6-5F458C183C9E}"
EndProject
Project("{9A19103F-16F7-4668-BE54-9A1E7A4F7556}") = "Pact.Localization", "src\Pact.Localization\Pact.Localization.csproj", "{7346C772-B907-4314-9DDF-8A1CD0466A9E}"
EndProject
Project("{9A19103F-16F7-4668-BE54-9A1E7A4F7556}") = "Pact.Impersonation", "src\Pact.Impersonation\Pact.Impersonation.csproj", "{E468D8A7-C28B-4761-A071-F616A9D952E2}"
EndProject
Project("{9A19103F-16F7-4668-BE54-9A1E7A4F7556}") = "Pact.TagHelpers", "src\Pact.TagHelpers\Pact.TagHelpers.csproj", "{265C6F06-673D-4B29-B1DD-51CDC1B815C1}"
EndProject
Project("{2150E333-8FDC-42A3-9474-1A3956D46DE8}") = "Packaging", "Packaging", "{6CD23C95-876D-4AC5-BA2F-E88ED12249F4}"
	ProjectSection(SolutionItems) = preProject
		src\Directory.Build.props = src\Directory.Build.props
		.github\workflows\package-push.yml = .github\workflows\package-push.yml
	EndProjectSection
EndProject
Project("{9A19103F-16F7-4668-BE54-9A1E7A4F7556}") = "Pact.MessageBus", "src\Pact.MessageBus\Pact.MessageBus.csproj", "{AC043369-9E76-41E4-BD7A-B8FEA13EF4ED}"
EndProject
Project("{9A19103F-16F7-4668-BE54-9A1E7A4F7556}") = "Pact.Kendo", "src\Pact.Kendo\Pact.Kendo.csproj", "{75A092FC-05BA-4EA9-AC68-AC3D1C00C61A}"
EndProject
Project("{9A19103F-16F7-4668-BE54-9A1E7A4F7556}") = "Pact.Email", "src\Pact.Email\Pact.Email.csproj", "{9CA6A8DF-A9BE-4349-9306-09FDCB506636}"
EndProject
Project("{9A19103F-16F7-4668-BE54-9A1E7A4F7556}") = "Pact.Sms", "src\Pact.Sms\Pact.Sms.csproj", "{D008128B-E8A9-41F4-A701-8D62302EC233}"
EndProject
Project("{9A19103F-16F7-4668-BE54-9A1E7A4F7556}") = "Pact.Logging", "src\Pact.Logging\Pact.Logging.csproj", "{269E11AF-0035-49F9-9751-8910C0BB581E}"
EndProject
Project("{9A19103F-16F7-4668-BE54-9A1E7A4F7556}") = "Pact.Web", "src\Pact.Web\Pact.Web.csproj", "{9A2269EF-28B9-4471-BD68-17D1947407B0}"
EndProject
Project("{9A19103F-16F7-4668-BE54-9A1E7A4F7556}") = "Pact.Core.Tests", "test\Pact.Core.Tests\Pact.Core.Tests.csproj", "{AE9E2D2B-B9FA-401A-8439-DED2BDD1360F}"
EndProject
Project("{2150E333-8FDC-42A3-9474-1A3956D46DE8}") = "Tests", "Tests", "{226EB161-A82D-42B5-851E-237887954673}"
EndProject
Project("{9A19103F-16F7-4668-BE54-9A1E7A4F7556}") = "Pact.Web.Tests", "test\Pact.Web.Tests\Pact.Web.Tests.csproj", "{3B536DD5-0A45-4457-BA99-E7EEAB984DC3}"
EndProject
Project("{FAE04EC0-301F-11D3-BF4B-00C04F79EFBC}") = "Pact.Email.Tests", "test\Pact.Email.Tests\Pact.Email.Tests.csproj", "{DB8CCBBF-523F-45D1-8A3E-97E210D9838B}"
EndProject
Project("{FAE04EC0-301F-11D3-BF4B-00C04F79EFBC}") = "Pact.Cache.Tests", "test\Pact.Cache.Tests\Pact.Cache.Tests.csproj", "{84EAF476-06AD-467A-8D4A-9F0463180CE9}"
EndProject
Global
	GlobalSection(SolutionConfigurationPlatforms) = preSolution
		Debug|Any CPU = Debug|Any CPU
		Release|Any CPU = Release|Any CPU
	EndGlobalSection
	GlobalSection(ProjectConfigurationPlatforms) = postSolution
		{0D6C5D86-0DF3-4BD7-9280-DC2B2517734E}.Debug|Any CPU.ActiveCfg = Debug|Any CPU
		{0D6C5D86-0DF3-4BD7-9280-DC2B2517734E}.Debug|Any CPU.Build.0 = Debug|Any CPU
		{0D6C5D86-0DF3-4BD7-9280-DC2B2517734E}.Release|Any CPU.ActiveCfg = Release|Any CPU
		{0D6C5D86-0DF3-4BD7-9280-DC2B2517734E}.Release|Any CPU.Build.0 = Release|Any CPU
		{CB09B04F-C242-4FB5-9FC6-5F458C183C9E}.Debug|Any CPU.ActiveCfg = Debug|Any CPU
		{CB09B04F-C242-4FB5-9FC6-5F458C183C9E}.Debug|Any CPU.Build.0 = Debug|Any CPU
		{CB09B04F-C242-4FB5-9FC6-5F458C183C9E}.Release|Any CPU.ActiveCfg = Release|Any CPU
		{CB09B04F-C242-4FB5-9FC6-5F458C183C9E}.Release|Any CPU.Build.0 = Release|Any CPU
		{7346C772-B907-4314-9DDF-8A1CD0466A9E}.Debug|Any CPU.ActiveCfg = Debug|Any CPU
		{7346C772-B907-4314-9DDF-8A1CD0466A9E}.Debug|Any CPU.Build.0 = Debug|Any CPU
		{7346C772-B907-4314-9DDF-8A1CD0466A9E}.Release|Any CPU.ActiveCfg = Release|Any CPU
		{7346C772-B907-4314-9DDF-8A1CD0466A9E}.Release|Any CPU.Build.0 = Release|Any CPU
		{E468D8A7-C28B-4761-A071-F616A9D952E2}.Debug|Any CPU.ActiveCfg = Debug|Any CPU
		{E468D8A7-C28B-4761-A071-F616A9D952E2}.Debug|Any CPU.Build.0 = Debug|Any CPU
		{E468D8A7-C28B-4761-A071-F616A9D952E2}.Release|Any CPU.ActiveCfg = Release|Any CPU
		{E468D8A7-C28B-4761-A071-F616A9D952E2}.Release|Any CPU.Build.0 = Release|Any CPU
		{265C6F06-673D-4B29-B1DD-51CDC1B815C1}.Debug|Any CPU.ActiveCfg = Debug|Any CPU
		{265C6F06-673D-4B29-B1DD-51CDC1B815C1}.Debug|Any CPU.Build.0 = Debug|Any CPU
		{265C6F06-673D-4B29-B1DD-51CDC1B815C1}.Release|Any CPU.ActiveCfg = Release|Any CPU
		{265C6F06-673D-4B29-B1DD-51CDC1B815C1}.Release|Any CPU.Build.0 = Release|Any CPU
		{AC043369-9E76-41E4-BD7A-B8FEA13EF4ED}.Debug|Any CPU.ActiveCfg = Debug|Any CPU
		{AC043369-9E76-41E4-BD7A-B8FEA13EF4ED}.Debug|Any CPU.Build.0 = Debug|Any CPU
		{AC043369-9E76-41E4-BD7A-B8FEA13EF4ED}.Release|Any CPU.ActiveCfg = Release|Any CPU
		{AC043369-9E76-41E4-BD7A-B8FEA13EF4ED}.Release|Any CPU.Build.0 = Release|Any CPU
		{75A092FC-05BA-4EA9-AC68-AC3D1C00C61A}.Debug|Any CPU.ActiveCfg = Debug|Any CPU
		{75A092FC-05BA-4EA9-AC68-AC3D1C00C61A}.Debug|Any CPU.Build.0 = Debug|Any CPU
		{75A092FC-05BA-4EA9-AC68-AC3D1C00C61A}.Release|Any CPU.ActiveCfg = Release|Any CPU
		{75A092FC-05BA-4EA9-AC68-AC3D1C00C61A}.Release|Any CPU.Build.0 = Release|Any CPU
		{9CA6A8DF-A9BE-4349-9306-09FDCB506636}.Debug|Any CPU.ActiveCfg = Debug|Any CPU
		{9CA6A8DF-A9BE-4349-9306-09FDCB506636}.Debug|Any CPU.Build.0 = Debug|Any CPU
		{9CA6A8DF-A9BE-4349-9306-09FDCB506636}.Release|Any CPU.ActiveCfg = Release|Any CPU
		{9CA6A8DF-A9BE-4349-9306-09FDCB506636}.Release|Any CPU.Build.0 = Release|Any CPU
		{D008128B-E8A9-41F4-A701-8D62302EC233}.Debug|Any CPU.ActiveCfg = Debug|Any CPU
		{D008128B-E8A9-41F4-A701-8D62302EC233}.Debug|Any CPU.Build.0 = Debug|Any CPU
		{D008128B-E8A9-41F4-A701-8D62302EC233}.Release|Any CPU.ActiveCfg = Release|Any CPU
		{D008128B-E8A9-41F4-A701-8D62302EC233}.Release|Any CPU.Build.0 = Release|Any CPU
		{269E11AF-0035-49F9-9751-8910C0BB581E}.Debug|Any CPU.ActiveCfg = Debug|Any CPU
		{269E11AF-0035-49F9-9751-8910C0BB581E}.Debug|Any CPU.Build.0 = Debug|Any CPU
		{269E11AF-0035-49F9-9751-8910C0BB581E}.Release|Any CPU.ActiveCfg = Release|Any CPU
		{269E11AF-0035-49F9-9751-8910C0BB581E}.Release|Any CPU.Build.0 = Release|Any CPU
		{9A2269EF-28B9-4471-BD68-17D1947407B0}.Debug|Any CPU.ActiveCfg = Debug|Any CPU
		{9A2269EF-28B9-4471-BD68-17D1947407B0}.Debug|Any CPU.Build.0 = Debug|Any CPU
		{9A2269EF-28B9-4471-BD68-17D1947407B0}.Release|Any CPU.ActiveCfg = Release|Any CPU
		{9A2269EF-28B9-4471-BD68-17D1947407B0}.Release|Any CPU.Build.0 = Release|Any CPU
		{AE9E2D2B-B9FA-401A-8439-DED2BDD1360F}.Debug|Any CPU.ActiveCfg = Debug|Any CPU
		{AE9E2D2B-B9FA-401A-8439-DED2BDD1360F}.Debug|Any CPU.Build.0 = Debug|Any CPU
		{AE9E2D2B-B9FA-401A-8439-DED2BDD1360F}.Release|Any CPU.ActiveCfg = Release|Any CPU
		{AE9E2D2B-B9FA-401A-8439-DED2BDD1360F}.Release|Any CPU.Build.0 = Release|Any CPU
		{3B536DD5-0A45-4457-BA99-E7EEAB984DC3}.Debug|Any CPU.ActiveCfg = Debug|Any CPU
		{3B536DD5-0A45-4457-BA99-E7EEAB984DC3}.Debug|Any CPU.Build.0 = Debug|Any CPU
		{3B536DD5-0A45-4457-BA99-E7EEAB984DC3}.Release|Any CPU.ActiveCfg = Release|Any CPU
		{3B536DD5-0A45-4457-BA99-E7EEAB984DC3}.Release|Any CPU.Build.0 = Release|Any CPU
		{DB8CCBBF-523F-45D1-8A3E-97E210D9838B}.Debug|Any CPU.ActiveCfg = Debug|Any CPU
		{DB8CCBBF-523F-45D1-8A3E-97E210D9838B}.Debug|Any CPU.Build.0 = Debug|Any CPU
		{DB8CCBBF-523F-45D1-8A3E-97E210D9838B}.Release|Any CPU.ActiveCfg = Release|Any CPU
		{DB8CCBBF-523F-45D1-8A3E-97E210D9838B}.Release|Any CPU.Build.0 = Release|Any CPU
		{84EAF476-06AD-467A-8D4A-9F0463180CE9}.Debug|Any CPU.ActiveCfg = Debug|Any CPU
		{84EAF476-06AD-467A-8D4A-9F0463180CE9}.Debug|Any CPU.Build.0 = Debug|Any CPU
		{84EAF476-06AD-467A-8D4A-9F0463180CE9}.Release|Any CPU.ActiveCfg = Release|Any CPU
		{84EAF476-06AD-467A-8D4A-9F0463180CE9}.Release|Any CPU.Build.0 = Release|Any CPU
	EndGlobalSection
	GlobalSection(SolutionProperties) = preSolution
		HideSolutionNode = FALSE
	EndGlobalSection
	GlobalSection(NestedProjects) = preSolution
		{AE9E2D2B-B9FA-401A-8439-DED2BDD1360F} = {226EB161-A82D-42B5-851E-237887954673}
		{3B536DD5-0A45-4457-BA99-E7EEAB984DC3} = {226EB161-A82D-42B5-851E-237887954673}
		{DB8CCBBF-523F-45D1-8A3E-97E210D9838B} = {226EB161-A82D-42B5-851E-237887954673}
		{84EAF476-06AD-467A-8D4A-9F0463180CE9} = {226EB161-A82D-42B5-851E-237887954673}
	EndGlobalSection
	GlobalSection(ExtensibilityGlobals) = postSolution
		SolutionGuid = {8624EA60-C90D-4B90-AFA3-F59D2B738E28}
	EndGlobalSection
EndGlobal
